
Microsoft Visual Studio Solution File, Format Version 12.00
# Visual Studio 15
VisualStudioVersion = 15.0.26730.12
MinimumVisualStudioVersion = 10.0.40219.1
Project("{FAE04EC0-301F-11D3-BF4B-00C04F79EFBC}") = "PrizeDrawLibrary", "PrizeDrawLibrary\PrizeDrawLibrary.csproj", "{E7421DC0-A875-4A03-8201-D12F0A9358AC}"
EndProject
Global
	GlobalSection(SolutionConfigurationPlatforms) = preSolution
		Debug|Any CPU = Debug|Any CPU
		Debug|ARM = Debug|ARM
		Debug|x64 = Debug|x64
		Debug|x86 = Debug|x86
		Release|Any CPU = Release|Any CPU
		Release|ARM = Release|ARM
		Release|x64 = Release|x64
		Release|x86 = Release|x86
	EndGlobalSection
	GlobalSection(ProjectConfigurationPlatforms) = postSolution
		{E7421DC0-A875-4A03-8201-D12F0A9358AC}.Debug|Any CPU.ActiveCfg = Debug|Any CPU
		{E7421DC0-A875-4A03-8201-D12F0A9358AC}.Debug|Any CPU.Build.0 = Debug|Any CPU
		{E7421DC0-A875-4A03-8201-D12F0A9358AC}.Debug|ARM.ActiveCfg = Debug|ARM
		{E7421DC0-A875-4A03-8201-D12F0A9358AC}.Debug|ARM.Build.0 = Debug|ARM
		{E7421DC0-A875-4A03-8201-D12F0A9358AC}.Debug|x64.ActiveCfg = Debug|x64
		{E7421DC0-A875-4A03-8201-D12F0A9358AC}.Debug|x64.Build.0 = Debug|x64
		{E7421DC0-A875-4A03-8201-D12F0A9358AC}.Debug|x86.ActiveCfg = Debug|x86
		{E7421DC0-A875-4A03-8201-D12F0A9358AC}.Debug|x86.Build.0 = Debug|x86
		{E7421DC0-A875-4A03-8201-D12F0A9358AC}.Release|Any CPU.ActiveCfg = Release|Any CPU
		{E7421DC0-A875-4A03-8201-D12F0A9358AC}.Release|Any CPU.Build.0 = Release|Any CPU
		{E7421DC0-A875-4A03-8201-D12F0A9358AC}.Release|ARM.ActiveCfg = Release|ARM
		{E7421DC0-A875-4A03-8201-D12F0A9358AC}.Release|ARM.Build.0 = Release|ARM
		{E7421DC0-A875-4A03-8201-D12F0A9358AC}.Release|x64.ActiveCfg = Release|x64
		{E7421DC0-A875-4A03-8201-D12F0A9358AC}.Release|x64.Build.0 = Release|x64
		{E7421DC0-A875-4A03-8201-D12F0A9358AC}.Release|x86.ActiveCfg = Release|x86
		{E7421DC0-A875-4A03-8201-D12F0A9358AC}.Release|x86.Build.0 = Release|x86
	EndGlobalSection
	GlobalSection(SolutionProperties) = preSolution
		HideSolutionNode = FALSE
	EndGlobalSection
	GlobalSection(ExtensibilityGlobals) = postSolution
		SolutionGuid = {44718B0F-3AB8-4F47-AEB6-F91918315406}
	EndGlobalSection
EndGlobal
